
Microsoft Visual Studio Solution File, Format Version 12.00
# Visual Studio 15
VisualStudioVersion = 15.0.28307.168
MinimumVisualStudioVersion = 10.0.40219.1
Project("{FAE04EC0-301F-11D3-BF4B-00C04F79EFBC}") = "StorageAccessSamples", "StorageAccessSamples\StorageAccessSamples.csproj", "{EFA7A4AB-6FB0-4ACC-B732-28508D2BFFB2}"
EndProject
Project("{FAE04EC0-301F-11D3-BF4B-00C04F79EFBC}") = "TableStorage", "TableStorage\TableStorage.csproj", "{8D92D471-4B89-40CA-BF62-4DC4FE5FB633}"
EndProject
Global
	GlobalSection(SolutionConfigurationPlatforms) = preSolution
		Debug|Any CPU = Debug|Any CPU
		Release|Any CPU = Release|Any CPU
	EndGlobalSection
	GlobalSection(ProjectConfigurationPlatforms) = postSolution
		{EFA7A4AB-6FB0-4ACC-B732-28508D2BFFB2}.Debug|Any CPU.ActiveCfg = Debug|Any CPU
		{EFA7A4AB-6FB0-4ACC-B732-28508D2BFFB2}.Debug|Any CPU.Build.0 = Debug|Any CPU
		{EFA7A4AB-6FB0-4ACC-B732-28508D2BFFB2}.Release|Any CPU.ActiveCfg = Release|Any CPU
		{EFA7A4AB-6FB0-4ACC-B732-28508D2BFFB2}.Release|Any CPU.Build.0 = Release|Any CPU
		{8D92D471-4B89-40CA-BF62-4DC4FE5FB633}.Debug|Any CPU.ActiveCfg = Debug|Any CPU
		{8D92D471-4B89-40CA-BF62-4DC4FE5FB633}.Debug|Any CPU.Build.0 = Debug|Any CPU
		{8D92D471-4B89-40CA-BF62-4DC4FE5FB633}.Release|Any CPU.ActiveCfg = Release|Any CPU
		{8D92D471-4B89-40CA-BF62-4DC4FE5FB633}.Release|Any CPU.Build.0 = Release|Any CPU
	EndGlobalSection
	GlobalSection(SolutionProperties) = preSolution
		HideSolutionNode = FALSE
	EndGlobalSection
	GlobalSection(ExtensibilityGlobals) = postSolution
		SolutionGuid = {4FF6D759-BE94-444F-86BB-CC7D18AE7C79}
	EndGlobalSection
EndGlobal
